
Microsoft Visual Studio Solution File, Format Version 12.00
# Visual Studio Version 17
VisualStudioVersion = 17.2.32526.322
MinimumVisualStudioVersion = 10.0.40219.1
Project("{FAE04EC0-301F-11D3-BF4B-00C04F79EFBC}") = "comparaisonlong", "comparaisonlong\comparaisonlong.csproj", "{DA4A565A-AD1D-4071-92B2-06E1FDC53B58}"
EndProject
Global
	GlobalSection(SolutionConfigurationPlatforms) = preSolution
		Debug|Any CPU = Debug|Any CPU
		Release|Any CPU = Release|Any CPU
	EndGlobalSection
	GlobalSection(ProjectConfigurationPlatforms) = postSolution
		{DA4A565A-AD1D-4071-92B2-06E1FDC53B58}.Debug|Any CPU.ActiveCfg = Debug|Any CPU
		{DA4A565A-AD1D-4071-92B2-06E1FDC53B58}.Debug|Any CPU.Build.0 = Debug|Any CPU
		{DA4A565A-AD1D-4071-92B2-06E1FDC53B58}.Release|Any CPU.ActiveCfg = Release|Any CPU
		{DA4A565A-AD1D-4071-92B2-06E1FDC53B58}.Release|Any CPU.Build.0 = Release|Any CPU
	EndGlobalSection
	GlobalSection(SolutionProperties) = preSolution
		HideSolutionNode = FALSE
	EndGlobalSection
	GlobalSection(ExtensibilityGlobals) = postSolution
		SolutionGuid = {B9837001-81DF-45C5-BFFB-6D587E2B4808}
	EndGlobalSection
EndGlobal
